
Microsoft Visual Studio Solution File, Format Version 11.00
# Visual Studio 2010
Project("{FAE04EC0-301F-11D3-BF4B-00C04F79EFBC}") = "Assembly-CSharp", "Assembly-CSharp.csproj", "{3dd970a6-a0c6-9772-5def-e3fc3a03d080}"
EndProject
Project("{FAE04EC0-301F-11D3-BF4B-00C04F79EFBC}") = "Assembly-CSharp-Editor", "Assembly-CSharp-Editor.csproj", "{6de51335-47ea-5443-7f76-373b7bc0d9a1}"
EndProject
Global
	GlobalSection(SolutionConfigurationPlatforms) = preSolution
		Debug|Any CPU = Debug|Any CPU
	EndGlobalSection
	GlobalSection(ProjectConfigurationPlatforms) = postSolution
		{3dd970a6-a0c6-9772-5def-e3fc3a03d080}.Debug|Any CPU.ActiveCfg = Debug|Any CPU
		{3dd970a6-a0c6-9772-5def-e3fc3a03d080}.Debug|Any CPU.Build.0 = Debug|Any CPU
		{6de51335-47ea-5443-7f76-373b7bc0d9a1}.Debug|Any CPU.ActiveCfg = Debug|Any CPU
		{6de51335-47ea-5443-7f76-373b7bc0d9a1}.Debug|Any CPU.Build.0 = Debug|Any CPU
	EndGlobalSection
	GlobalSection(SolutionProperties) = preSolution
		HideSolutionNode = FALSE
	EndGlobalSection
EndGlobal
